
Microsoft Visual Studio Solution File, Format Version 12.00
# Visual Studio 15
VisualStudioVersion = 15.0.27703.2035
MinimumVisualStudioVersion = 10.0.40219.1
Project("{9A19103F-16F7-4668-BE54-9A1E7A4F7556}") = "css-transitioner", "css-transitioner\css-transitioner.csproj", "{536E058C-C819-4EDB-B492-E4136E6DDCC6}"
EndProject
Project("{9A19103F-16F7-4668-BE54-9A1E7A4F7556}") = "react-managed-form", "react-managed-form\react-managed-form.csproj", "{35FC5F36-9728-49EE-ADE1-3879AEC5BC39}"
EndProject
Global
	GlobalSection(SolutionConfigurationPlatforms) = preSolution
		Debug|Any CPU = Debug|Any CPU
		Release|Any CPU = Release|Any CPU
	EndGlobalSection
	GlobalSection(ProjectConfigurationPlatforms) = postSolution
		{536E058C-C819-4EDB-B492-E4136E6DDCC6}.Debug|Any CPU.ActiveCfg = Debug|Any CPU
		{536E058C-C819-4EDB-B492-E4136E6DDCC6}.Debug|Any CPU.Build.0 = Debug|Any CPU
		{536E058C-C819-4EDB-B492-E4136E6DDCC6}.Release|Any CPU.ActiveCfg = Release|Any CPU
		{536E058C-C819-4EDB-B492-E4136E6DDCC6}.Release|Any CPU.Build.0 = Release|Any CPU
		{35FC5F36-9728-49EE-ADE1-3879AEC5BC39}.Debug|Any CPU.ActiveCfg = Debug|Any CPU
		{35FC5F36-9728-49EE-ADE1-3879AEC5BC39}.Debug|Any CPU.Build.0 = Debug|Any CPU
		{35FC5F36-9728-49EE-ADE1-3879AEC5BC39}.Release|Any CPU.ActiveCfg = Release|Any CPU
		{35FC5F36-9728-49EE-ADE1-3879AEC5BC39}.Release|Any CPU.Build.0 = Release|Any CPU
	EndGlobalSection
	GlobalSection(SolutionProperties) = preSolution
		HideSolutionNode = FALSE
	EndGlobalSection
	GlobalSection(ExtensibilityGlobals) = postSolution
		SolutionGuid = {5A9FC262-17C3-4197-917E-DB998C74B51E}
	EndGlobalSection
EndGlobal
